Microsoft Visual Studio Solution File, Format Version 11.00
# Visual Studio 2008

Project("{471E662E-498F-8E90-6C06-03A4B055A2D0}") = "Dynamically Loading Animation", "Assembly-CSharp.csproj", "{F2CD3486-AF8D-A75B-15C4-23E0F70945FD}"
EndProject
Global
	GlobalSection(SolutionConfigurationPlatforms) = preSolution
		Debug|Any CPU = Debug|Any CPU
		Release|Any CPU = Release|Any CPU
	EndGlobalSection
	GlobalSection(ProjectConfigurationPlatforms) = postSolution
		{F2CD3486-AF8D-A75B-15C4-23E0F70945FD}.Debug|Any CPU.ActiveCfg = Debug|Any CPU
		{F2CD3486-AF8D-A75B-15C4-23E0F70945FD}.Debug|Any CPU.Build.0 = Debug|Any CPU
		{F2CD3486-AF8D-A75B-15C4-23E0F70945FD}.Release|Any CPU.ActiveCfg = Release|Any CPU
		{F2CD3486-AF8D-A75B-15C4-23E0F70945FD}.Release|Any CPU.Build.0 = Release|Any CPU
	EndGlobalSection
	GlobalSection(SolutionProperties) = preSolution
		HideSolutionNode = FALSE
	EndGlobalSection
			GlobalSection(MonoDevelopProperties) = preSolution
		StartupItem = Assembly-CSharp.csproj
		Policies = $0
		$0.TextStylePolicy = $1
		$1.inheritsSet = null
		$1.scope = text/x-csharp
		$0.CSharpFormattingPolicy = $2
		$2.inheritsSet = Mono
		$2.inheritsScope = text/x-csharp
		$2.scope = text/x-csharp
		$0.TextStylePolicy = $3
		$3.FileWidth = 120
		$3.TabWidth = 4
		$3.EolMarker = Unix
		$3.inheritsSet = Mono
		$3.inheritsScope = text/plain
		$3.scope = text/plain
	EndGlobalSection

EndGlobal
